
Microsoft Visual Studio Solution File, Format Version 12.00
# Visual Studio Version 17
VisualStudioVersion = 17.12.35707.178
MinimumVisualStudioVersion = 10.0.40219.1
Project("{FAE04EC0-301F-11D3-BF4B-00C04F79EFBC}") = "Routers", "Routers\Routers.csproj", "{603583BF-705A-4BFC-814B-7769A71E1314}"
EndProject
Project("{FAE04EC0-301F-11D3-BF4B-00C04F79EFBC}") = "Graph", "Graph\Graph.csproj", "{AB1C2AB2-4F00-44A5-A9AC-EE9F4340B3CF}"
EndProject
Project("{FAE04EC0-301F-11D3-BF4B-00C04F79EFBC}") = "GraphTests", "GraphTests\GraphTests.csproj", "{A8344F4E-CDDE-4EC9-B902-F18770B3C742}"
EndProject
Project("{2150E333-8FDC-42A3-9474-1A3956D46DE8}") = "Solution Items", "Solution Items", "{BCB57E8D-480C-4362-A4A8-B47F204B0F27}"
	ProjectSection(SolutionItems) = preProject
		.editorconfig = .editorconfig
	EndProjectSection
EndProject
Global
	GlobalSection(SolutionConfigurationPlatforms) = preSolution
		Debug|Any CPU = Debug|Any CPU
		Release|Any CPU = Release|Any CPU
	EndGlobalSection
	GlobalSection(ProjectConfigurationPlatforms) = postSolution
		{603583BF-705A-4BFC-814B-7769A71E1314}.Debug|Any CPU.ActiveCfg = Debug|Any CPU
		{603583BF-705A-4BFC-814B-7769A71E1314}.Debug|Any CPU.Build.0 = Debug|Any CPU
		{603583BF-705A-4BFC-814B-7769A71E1314}.Release|Any CPU.ActiveCfg = Release|Any CPU
		{603583BF-705A-4BFC-814B-7769A71E1314}.Release|Any CPU.Build.0 = Release|Any CPU
		{AB1C2AB2-4F00-44A5-A9AC-EE9F4340B3CF}.Debug|Any CPU.ActiveCfg = Debug|Any CPU
		{AB1C2AB2-4F00-44A5-A9AC-EE9F4340B3CF}.Debug|Any CPU.Build.0 = Debug|Any CPU
		{AB1C2AB2-4F00-44A5-A9AC-EE9F4340B3CF}.Release|Any CPU.ActiveCfg = Release|Any CPU
		{AB1C2AB2-4F00-44A5-A9AC-EE9F4340B3CF}.Release|Any CPU.Build.0 = Release|Any CPU
		{A8344F4E-CDDE-4EC9-B902-F18770B3C742}.Debug|Any CPU.ActiveCfg = Debug|Any CPU
		{A8344F4E-CDDE-4EC9-B902-F18770B3C742}.Debug|Any CPU.Build.0 = Debug|Any CPU
		{A8344F4E-CDDE-4EC9-B902-F18770B3C742}.Release|Any CPU.ActiveCfg = Release|Any CPU
		{A8344F4E-CDDE-4EC9-B902-F18770B3C742}.Release|Any CPU.Build.0 = Release|Any CPU
	EndGlobalSection
	GlobalSection(SolutionProperties) = preSolution
		HideSolutionNode = FALSE
	EndGlobalSection
EndGlobal
